<?xml version="1.0" encoding="UTF-8" standalone="yes" ?>
<CodeBlocks_project_file>
	<FileVersion major="1" minor="6" />
	<Project>
		<Option title="Mazel" />
		<Option pch_mode="2" />
		<Option compiler="gcc" />
		<Build>
			<Target title="Debug">
				<Option output="Builds/Debug/Mazel" prefix_auto="1" extension_auto="1" />
				<Option object_output="Builds/Debug/obj/" />
				<Option type="1" />
				<Option compiler="gcc" />
				<Compiler>
					<Add option="-std=c++11" />
					<Add option="-Wall" />
					<Add option="-g" />
					<Add directory="Libraries/freeglut/include" />
					<Add directory="Libraries/glew-1.10.0/include" />
					<Add directory="Include" />
					<Add directory="Libraries/glm" />
				</Compiler>
				<Linker>
					<Add library="glew32" />
					<Add library="opengl32" />
					<Add library="glu32" />
					<Add library="freeglut" />
					<Add directory="Libraries/freeglut/lib" />
					<Add directory="Libraries/glew-1.10.0/lib" />
				</Linker>
			</Target>
			<Target title="Release">
				<Option output="Builds/Release/Mazel" prefix_auto="1" extension_auto="1" />
				<Option object_output="Builds/Release/obj/" />
				<Option type="1" />
				<Option compiler="gcc" />
				<Compiler>
					<Add option="-O2" />
				</Compiler>
				<Linker>
					<Add option="-s" />
				</Linker>
			</Target>
		</Build>
		<Compiler>
			<Add option="-Wall" />
		</Compiler>
		<Unit filename="Include/Game.hpp" />
		<Unit filename="Include/Shader.hpp" />
		<Unit filename="Include/ShaderManager.hpp" />
		<Unit filename="Shaders/simple.frag" />
		<Unit filename="Shaders/simple.vert" />
		<Unit filename="Source/Game.cpp" />
		<Unit filename="Source/Shader.cpp" />
		<Unit filename="Source/ShaderManager.cpp" />
		<Unit filename="Source/main.cpp" />
		<Extensions>
			<code_completion />
			<envvars />
			<debugger />
		</Extensions>
	</Project>
</CodeBlocks_project_file>
